PODS:
  - Nimble (3.0.0)
  - Quick (0.8.0)
  - Socket.IO-Client-Swift (4.0.4)
  - Starscream (1.0.2)

DEPENDENCIES:
  - Nimble (= 3.0.0)
  - Quick (~> 0.8.0)
  - Socket.IO-Client-Swift (~> 4.0.0)
  - Starscream (~> 1.0.0)

SPEC CHECKSUMS:
  Nimble: 4c353d43735b38b545cbb4cb91504588eb5de926
  Quick: 563d0f6ec5f72e394645adb377708639b7dd38ab
  Socket.IO-Client-Swift: e886946f1c356b673b0a73bf1633a0df8bff7a5b
  Starscream: 40e2c4c1c770d811f24116b8b7dbeb4542c56767

COCOAPODS: 0.39.0
